lockfileVersion: '9.0'

settings:
  autoInstallPeers: true
  excludeLinksFromLockfile: false

importers:

  .:
    dependencies:
      phaser:
        specifier: ^3.87.0
        version: 3.87.0

packages:

  eventemitter3@5.0.1:
    resolution: {integrity: sha512-GWkBvjiSZK87ELrYOSESUYeVIc9mvLLf/nXalMOS5dYrgZq9o5OVkbZAVM06CVxYsCwH9BDZFPlQTlPA1j4ahA==}

  phaser@3.87.0:
    resolution: {integrity: sha512-AyI1b3T5fp05gzf6WUmu2FNqaZL+Y7w88yBRLf7YZXF9bncUSHpnDrupnTGoPqy/RKHRLBcay7zWeqQ2wiMWcw==}

snapshots:

  eventemitter3@5.0.1: {}

  phaser@3.87.0:
    dependencies:
      eventemitter3: 5.0.1
